
Microsoft Visual Studio Solution File, Format Version 11.00
# Visual Studio 2010
Project("{FAE04EC0-301F-11D3-BF4B-00C04F79EFBC}") = "sumOfQuadrat", "sumOfQuadrat\sumOfQuadrat.csproj", "{95BD808B-9745-494B-B586-3817ACED13D1}"
EndProject
Global
	GlobalSection(SolutionConfigurationPlatforms) = preSolution
		Debug|x86 = Debug|x86
		Release|x86 = Release|x86
	EndGlobalSection
	GlobalSection(ProjectConfigurationPlatforms) = postSolution
		{95BD808B-9745-494B-B586-3817ACED13D1}.Debug|x86.ActiveCfg = Debug|x86
		{95BD808B-9745-494B-B586-3817ACED13D1}.Debug|x86.Build.0 = Debug|x86
		{95BD808B-9745-494B-B586-3817ACED13D1}.Release|x86.ActiveCfg = Release|x86
		{95BD808B-9745-494B-B586-3817ACED13D1}.Release|x86.Build.0 = Release|x86
	EndGlobalSection
	GlobalSection(MonoDevelopProperties) = preSolution
		StartupItem = sumOfQuadrat\sumOfQuadrat.csproj
	EndGlobalSection
EndGlobal
