
Microsoft Visual Studio Solution File, Format Version 11.00
# Visual Studio 2010
Project("{FAE04EC0-301F-11D3-BF4B-00C04F79EFBC}") = "bsp21", "bsp21\bsp21.csproj", "{E1635C75-CDE4-4344-9DA0-20EDF81C2808}"
EndProject
Global
	GlobalSection(SolutionConfigurationPlatforms) = preSolution
		Debug|x86 = Debug|x86
		Release|x86 = Release|x86
	EndGlobalSection
	GlobalSection(ProjectConfigurationPlatforms) = postSolution
		{E1635C75-CDE4-4344-9DA0-20EDF81C2808}.Debug|x86.ActiveCfg = Debug|x86
		{E1635C75-CDE4-4344-9DA0-20EDF81C2808}.Debug|x86.Build.0 = Debug|x86
		{E1635C75-CDE4-4344-9DA0-20EDF81C2808}.Release|x86.ActiveCfg = Release|x86
		{E1635C75-CDE4-4344-9DA0-20EDF81C2808}.Release|x86.Build.0 = Release|x86
	EndGlobalSection
	GlobalSection(MonoDevelopProperties) = preSolution
		StartupItem = bsp21\bsp21.csproj
	EndGlobalSection
EndGlobal
