
Microsoft Visual Studio Solution File, Format Version 11.00
# Visual Studio 2010
Project("{FAE04EC0-301F-11D3-BF4B-00C04F79EFBC}") = "colorTest5", "colorTest5\colorTest5.csproj", "{EC248275-03EA-40FA-A7D5-A9D59459B584}"
EndProject
Global
	GlobalSection(SolutionConfigurationPlatforms) = preSolution
		Debug|x86 = Debug|x86
		Release|x86 = Release|x86
	EndGlobalSection
	GlobalSection(ProjectConfigurationPlatforms) = postSolution
		{EC248275-03EA-40FA-A7D5-A9D59459B584}.Debug|x86.ActiveCfg = Debug|x86
		{EC248275-03EA-40FA-A7D5-A9D59459B584}.Debug|x86.Build.0 = Debug|x86
		{EC248275-03EA-40FA-A7D5-A9D59459B584}.Release|x86.ActiveCfg = Release|x86
		{EC248275-03EA-40FA-A7D5-A9D59459B584}.Release|x86.Build.0 = Release|x86
	EndGlobalSection
	GlobalSection(MonoDevelopProperties) = preSolution
		StartupItem = colorTest5\colorTest5.csproj
	EndGlobalSection
EndGlobal
