
Microsoft Visual Studio Solution File, Format Version 11.00
# Visual Studio 2010
Project("{FAE04EC0-301F-11D3-BF4B-00C04F79EFBC}") = "4Gewinnt", "4Gewinnt\4Gewinnt.csproj", "{B9501136-4CC0-4911-AEA4-AE250C0D21CF}"
EndProject
Global
	GlobalSection(SolutionConfigurationPlatforms) = preSolution
		Debug|x86 = Debug|x86
		Release|x86 = Release|x86
	EndGlobalSection
	GlobalSection(ProjectConfigurationPlatforms) = postSolution
		{B9501136-4CC0-4911-AEA4-AE250C0D21CF}.Debug|x86.ActiveCfg = Debug|x86
		{B9501136-4CC0-4911-AEA4-AE250C0D21CF}.Debug|x86.Build.0 = Debug|x86
		{B9501136-4CC0-4911-AEA4-AE250C0D21CF}.Release|x86.ActiveCfg = Release|x86
		{B9501136-4CC0-4911-AEA4-AE250C0D21CF}.Release|x86.Build.0 = Release|x86
	EndGlobalSection
	GlobalSection(MonoDevelopProperties) = preSolution
		StartupItem = 4Gewinnt\4Gewinnt.csproj
	EndGlobalSection
EndGlobal
