
Microsoft Visual Studio Solution File, Format Version 11.00
# Visual Studio 2010
Project("{FAE04EC0-301F-11D3-BF4B-00C04F79EFBC}") = "GeschäftlichesBsp55", "GeschäftlichesBsp55\GeschäftlichesBsp55.csproj", "{CCEAFCE1-1E8C-48BB-BB85-8F6BBB5BEBEA}"
EndProject
Global
	GlobalSection(SolutionConfigurationPlatforms) = preSolution
		Debug|x86 = Debug|x86
		Release|x86 = Release|x86
	EndGlobalSection
	GlobalSection(ProjectConfigurationPlatforms) = postSolution
		{CCEAFCE1-1E8C-48BB-BB85-8F6BBB5BEBEA}.Debug|x86.ActiveCfg = Debug|x86
		{CCEAFCE1-1E8C-48BB-BB85-8F6BBB5BEBEA}.Debug|x86.Build.0 = Debug|x86
		{CCEAFCE1-1E8C-48BB-BB85-8F6BBB5BEBEA}.Release|x86.ActiveCfg = Release|x86
		{CCEAFCE1-1E8C-48BB-BB85-8F6BBB5BEBEA}.Release|x86.Build.0 = Release|x86
	EndGlobalSection
	GlobalSection(MonoDevelopProperties) = preSolution
		StartupItem = GeschäftlichesBsp55\GeschäftlichesBsp55.csproj
	EndGlobalSection
EndGlobal
