
Microsoft Visual Studio Solution File, Format Version 11.00
# Visual Studio 2010
Project("{FAE04EC0-301F-11D3-BF4B-00C04F79EFBC}") = "rightAlign", "rightAlign\rightAlign.csproj", "{C278142C-B6EF-455F-990C-10041211BEAF}"
EndProject
Global
	GlobalSection(SolutionConfigurationPlatforms) = preSolution
		Debug|x86 = Debug|x86
		Release|x86 = Release|x86
	EndGlobalSection
	GlobalSection(ProjectConfigurationPlatforms) = postSolution
		{C278142C-B6EF-455F-990C-10041211BEAF}.Debug|x86.ActiveCfg = Debug|x86
		{C278142C-B6EF-455F-990C-10041211BEAF}.Debug|x86.Build.0 = Debug|x86
		{C278142C-B6EF-455F-990C-10041211BEAF}.Release|x86.ActiveCfg = Release|x86
		{C278142C-B6EF-455F-990C-10041211BEAF}.Release|x86.Build.0 = Release|x86
	EndGlobalSection
	GlobalSection(MonoDevelopProperties) = preSolution
		StartupItem = rightAlign\rightAlign.csproj
	EndGlobalSection
EndGlobal
