
Microsoft Visual Studio Solution File, Format Version 11.00
# Visual Studio 2010
Project("{FAE04EC0-301F-11D3-BF4B-00C04F79EFBC}") = "SparbuchClassWdh", "SparbuchClassWdh\SparbuchClassWdh.csproj", "{DA1E6E97-2EA9-459C-84E0-4B8B95679106}"
EndProject
Global
	GlobalSection(SolutionConfigurationPlatforms) = preSolution
		Debug|x86 = Debug|x86
		Release|x86 = Release|x86
	EndGlobalSection
	GlobalSection(ProjectConfigurationPlatforms) = postSolution
		{DA1E6E97-2EA9-459C-84E0-4B8B95679106}.Debug|x86.ActiveCfg = Debug|x86
		{DA1E6E97-2EA9-459C-84E0-4B8B95679106}.Debug|x86.Build.0 = Debug|x86
		{DA1E6E97-2EA9-459C-84E0-4B8B95679106}.Release|x86.ActiveCfg = Release|x86
		{DA1E6E97-2EA9-459C-84E0-4B8B95679106}.Release|x86.Build.0 = Release|x86
	EndGlobalSection
	GlobalSection(MonoDevelopProperties) = preSolution
		StartupItem = SparbuchClassWdh\SparbuchClassWdh.csproj
	EndGlobalSection
EndGlobal
