
Microsoft Visual Studio Solution File, Format Version 11.00
# Visual Studio 2010
Project("{FAE04EC0-301F-11D3-BF4B-00C04F79EFBC}") = "class_bsp47_auto", "class_bsp47_auto\class_bsp47_auto.csproj", "{1951DBF4-B995-413A-A503-D6CB2F7F1264}"
EndProject
Global
	GlobalSection(SolutionConfigurationPlatforms) = preSolution
		Debug|x86 = Debug|x86
		Release|x86 = Release|x86
	EndGlobalSection
	GlobalSection(ProjectConfigurationPlatforms) = postSolution
		{1951DBF4-B995-413A-A503-D6CB2F7F1264}.Debug|x86.ActiveCfg = Debug|x86
		{1951DBF4-B995-413A-A503-D6CB2F7F1264}.Debug|x86.Build.0 = Debug|x86
		{1951DBF4-B995-413A-A503-D6CB2F7F1264}.Release|x86.ActiveCfg = Release|x86
		{1951DBF4-B995-413A-A503-D6CB2F7F1264}.Release|x86.Build.0 = Release|x86
	EndGlobalSection
	GlobalSection(MonoDevelopProperties) = preSolution
		StartupItem = class_bsp47_auto\class_bsp47_auto.csproj
	EndGlobalSection
EndGlobal
