
Microsoft Visual Studio Solution File, Format Version 11.00
# Visual Studio 2010
Project("{FAE04EC0-301F-11D3-BF4B-00C04F79EFBC}") = "Vector2-class", "Vector2-class\Vector2-class.csproj", "{967B9A73-5DEB-4AA3-94AE-D2B315ED3B50}"
EndProject
Global
	GlobalSection(SolutionConfigurationPlatforms) = preSolution
		Debug|x86 = Debug|x86
		Release|x86 = Release|x86
	EndGlobalSection
	GlobalSection(ProjectConfigurationPlatforms) = postSolution
		{967B9A73-5DEB-4AA3-94AE-D2B315ED3B50}.Debug|x86.ActiveCfg = Debug|x86
		{967B9A73-5DEB-4AA3-94AE-D2B315ED3B50}.Debug|x86.Build.0 = Debug|x86
		{967B9A73-5DEB-4AA3-94AE-D2B315ED3B50}.Release|x86.ActiveCfg = Release|x86
		{967B9A73-5DEB-4AA3-94AE-D2B315ED3B50}.Release|x86.Build.0 = Release|x86
	EndGlobalSection
	GlobalSection(MonoDevelopProperties) = preSolution
		StartupItem = Vector2-class\Vector2-class.csproj
	EndGlobalSection
EndGlobal
