
Microsoft Visual Studio Solution File, Format Version 11.00
# Visual Studio 2010
Project("{FAE04EC0-301F-11D3-BF4B-00C04F79EFBC}") = "class_bsp46_rechteck", "class_bsp46_rechteck\class_bsp46_rechteck.csproj", "{EF55A060-7742-439B-9732-3CDA4EF1B421}"
EndProject
Global
	GlobalSection(SolutionConfigurationPlatforms) = preSolution
		Debug|x86 = Debug|x86
		Release|x86 = Release|x86
	EndGlobalSection
	GlobalSection(ProjectConfigurationPlatforms) = postSolution
		{EF55A060-7742-439B-9732-3CDA4EF1B421}.Debug|x86.ActiveCfg = Debug|x86
		{EF55A060-7742-439B-9732-3CDA4EF1B421}.Debug|x86.Build.0 = Debug|x86
		{EF55A060-7742-439B-9732-3CDA4EF1B421}.Release|x86.ActiveCfg = Release|x86
		{EF55A060-7742-439B-9732-3CDA4EF1B421}.Release|x86.Build.0 = Release|x86
	EndGlobalSection
	GlobalSection(MonoDevelopProperties) = preSolution
		StartupItem = class_bsp46_rechteck\class_bsp46_rechteck.csproj
	EndGlobalSection
EndGlobal
