
Microsoft Visual Studio Solution File, Format Version 11.00
# Visual Studio 2010
Project("{FAE04EC0-301F-11D3-BF4B-00C04F79EFBC}") = "1_Artikel_Store", "1_Artikel_Store\1_Artikel_Store.csproj", "{46FF3E78-F624-43DD-948D-6F9694FAF230}"
EndProject
Global
	GlobalSection(SolutionConfigurationPlatforms) = preSolution
		Debug|x86 = Debug|x86
		Release|x86 = Release|x86
	EndGlobalSection
	GlobalSection(ProjectConfigurationPlatforms) = postSolution
		{46FF3E78-F624-43DD-948D-6F9694FAF230}.Debug|x86.ActiveCfg = Debug|x86
		{46FF3E78-F624-43DD-948D-6F9694FAF230}.Debug|x86.Build.0 = Debug|x86
		{46FF3E78-F624-43DD-948D-6F9694FAF230}.Release|x86.ActiveCfg = Release|x86
		{46FF3E78-F624-43DD-948D-6F9694FAF230}.Release|x86.Build.0 = Release|x86
	EndGlobalSection
	GlobalSection(MonoDevelopProperties) = preSolution
		StartupItem = 1_Artikel_Store\1_Artikel_Store.csproj
	EndGlobalSection
EndGlobal
