
Microsoft Visual Studio Solution File, Format Version 11.00
# Visual Studio 2010
Project("{FAE04EC0-301F-11D3-BF4B-00C04F79EFBC}") = "bsp24", "bsp24\bsp24.csproj", "{305ACB99-25BA-4C63-94DD-B7125DE50A63}"
EndProject
Global
	GlobalSection(SolutionConfigurationPlatforms) = preSolution
		Debug|x86 = Debug|x86
		Release|x86 = Release|x86
	EndGlobalSection
	GlobalSection(ProjectConfigurationPlatforms) = postSolution
		{305ACB99-25BA-4C63-94DD-B7125DE50A63}.Debug|x86.ActiveCfg = Debug|x86
		{305ACB99-25BA-4C63-94DD-B7125DE50A63}.Debug|x86.Build.0 = Debug|x86
		{305ACB99-25BA-4C63-94DD-B7125DE50A63}.Release|x86.ActiveCfg = Release|x86
		{305ACB99-25BA-4C63-94DD-B7125DE50A63}.Release|x86.Build.0 = Release|x86
	EndGlobalSection
	GlobalSection(MonoDevelopProperties) = preSolution
		StartupItem = bsp24\bsp24.csproj
	EndGlobalSection
EndGlobal
